
Microsoft Visual Studio Solution File, Format Version 12.00
# Visual Studio Version 17
VisualStudioVersion = 17.5.002.0
MinimumVisualStudioVersion = 10.0.40219.1
Project("{9A19103F-16F7-4668-BE54-9A1E7A4F7556}") = "HelloWorld", "HelloWorld.csproj", "{A8067FB7-3F9B-4334-9667-0592AC19A827}"
EndProject
Global
	GlobalSection(SolutionConfigurationPlatforms) = preSolution
		Debug|Any CPU = Debug|Any CPU
		Release|Any CPU = Release|Any CPU
	EndGlobalSection
	GlobalSection(ProjectConfigurationPlatforms) = postSolution
		{A8067FB7-3F9B-4334-9667-0592AC19A827}.Debug|Any CPU.ActiveCfg = Debug|Any CPU
		{A8067FB7-3F9B-4334-9667-0592AC19A827}.Debug|Any CPU.Build.0 = Debug|Any CPU
		{A8067FB7-3F9B-4334-9667-0592AC19A827}.Release|Any CPU.ActiveCfg = Release|Any CPU
		{A8067FB7-3F9B-4334-9667-0592AC19A827}.Release|Any CPU.Build.0 = Release|Any CPU
	EndGlobalSection
	GlobalSection(SolutionProperties) = preSolution
		HideSolutionNode = FALSE
	EndGlobalSection
	GlobalSection(ExtensibilityGlobals) = postSolution
		SolutionGuid = {110C5E91-84D9-4448-B203-180EB2FF2146}
	EndGlobalSection
EndGlobal
